
Microsoft Visual Studio Solution File, Format Version 12.00
# Visual Studio Version 17
VisualStudioVersion = 17.14.36401.2 d17.14
MinimumVisualStudioVersion = 10.0.40219.1
Project("{FAE04EC0-301F-11D3-BF4B-00C04F79EFBC}") = "Backend", "Backend.csproj", "{39B4F6C3-0916-4FC5-8C34-90BB3F958705}"
EndProject
Global
	GlobalSection(SolutionConfigurationPlatforms) = preSolution
		Debug|Any CPU = Debug|Any CPU
		Release|Any CPU = Release|Any CPU
	EndGlobalSection
	GlobalSection(ProjectConfigurationPlatforms) = postSolution
		{39B4F6C3-0916-4FC5-8C34-90BB3F958705}.Debug|Any CPU.ActiveCfg = Debug|Any CPU
		{39B4F6C3-0916-4FC5-8C34-90BB3F958705}.Debug|Any CPU.Build.0 = Debug|Any CPU
		{39B4F6C3-0916-4FC5-8C34-90BB3F958705}.Release|Any CPU.ActiveCfg = Release|Any CPU
		{39B4F6C3-0916-4FC5-8C34-90BB3F958705}.Release|Any CPU.Build.0 = Release|Any CPU
	EndGlobalSection
	GlobalSection(SolutionProperties) = preSolution
		HideSolutionNode = FALSE
	EndGlobalSection
	GlobalSection(ExtensibilityGlobals) = postSolution
		SolutionGuid = {CBF316FD-A24E-47C4-B1B4-A8DDA7A3D96B}
	EndGlobalSection
EndGlobal
